
Microsoft Visual Studio Solution File, Format Version 12.00
# Visual Studio Version 17
VisualStudioVersion = 17.1.32210.238
MinimumVisualStudioVersion = 10.0.40219.1
Project("{9A19103F-16F7-4668-BE54-9A1E7A4F7556}") = "WebScraper1", "WebScraper1.csproj", "{A39C3242-2AAE-4FF2-998A-4F8DE9290EF5}"
EndProject
Global
	GlobalSection(SolutionConfigurationPlatforms) = preSolution
		Debug|Any CPU = Debug|Any CPU
		Release|Any CPU = Release|Any CPU
	EndGlobalSection
	GlobalSection(ProjectConfigurationPlatforms) = postSolution
		{A39C3242-2AAE-4FF2-998A-4F8DE9290EF5}.Debug|Any CPU.ActiveCfg = Debug|Any CPU
		{A39C3242-2AAE-4FF2-998A-4F8DE9290EF5}.Debug|Any CPU.Build.0 = Debug|Any CPU
		{A39C3242-2AAE-4FF2-998A-4F8DE9290EF5}.Release|Any CPU.ActiveCfg = Release|Any CPU
		{A39C3242-2AAE-4FF2-998A-4F8DE9290EF5}.Release|Any CPU.Build.0 = Release|Any CPU
	EndGlobalSection
	GlobalSection(SolutionProperties) = preSolution
		HideSolutionNode = FALSE
	EndGlobalSection
	GlobalSection(ExtensibilityGlobals) = postSolution
		SolutionGuid = {E76C4D17-7367-45E6-8CCD-8E783001C840}
	EndGlobalSection
EndGlobal
